[[package]]
name = "appdirs"
version = "1.4.4"
description = "A small Python module for determining appropriate platform-specific dirs, e.g. a \"user data dir\"."
category = "dev"
optional = false
python-versions = "*"

[[package]]
name = "black"
version = "20.8b1"
description = "The uncompromising code formatter."
category = "dev"
optional = false
python-versions = ">=3.6"

[package.dependencies]
appdirs = "*"
click = ">=7.1.2"
mypy-extensions = ">=0.4.3"
pathspec = ">=0.6,<1"
regex = ">=2020.1.8"
toml = ">=0.10.1"
typed-ast = ">=1.4.0"
typing-extensions = ">=3.7.4"

[package.extras]
colorama = ["colorama (>=0.4.3)"]
d = ["aiohttp (>=3.3.2)", "aiohttp-cors"]

[[package]]
name = "cffi"
version = "1.14.3"
description = "Foreign Function Interface for Python calling C code."
category = "main"
optional = false
python-versions = "*"

[package.dependencies]
pycparser = "*"

[[package]]
name = "click"
version = "7.1.2"
description = "Composable command line interface toolkit"
category = "main"
optional = false
python-versions = ">=2.7, !=3.0.*, !=3.1.*, !=3.2.*, !=3.3.*, !=3.4.*"

[[package]]
name = "click-option-group"
version = "0.5.1"
description = "Option groups missing in Click"
category = "main"
optional = false
python-versions = ">=3.6,<4"

[package.dependencies]
Click = ">=7.0,<8"

[package.extras]
docs = ["sphinx (>=2.3,<3)", "pallets-sphinx-themes", "m2r"]
tests = ["coverage (<6)", "pytest", "pytest-cov", "coveralls"]

[[package]]
name = "colorama"
version = "0.4.3"
description = "Cross-platform colored terminal text."
category = "main"
optional = false
python-versions = ">=2.7, !=3.0.*, !=3.1.*, !=3.2.*, !=3.3.*, !=3.4.*"

[[package]]
name = "commonmark"
version = "0.9.1"
description = "Python parser for the CommonMark Markdown spec"
category = "main"
optional = false
python-versions = "*"

[package.extras]
test = ["flake8 (==3.7.8)", "hypothesis (==3.55.3)"]

[[package]]
name = "cryptography"
version = "3.2"
description = "cryptography is a package which provides cryptographic recipes and primitives to Python developers."
category = "main"
optional = false
python-versions = ">=2.7,!=3.0.*,!=3.1.*,!=3.2.*,!=3.3.*,!=3.4.*"

[package.dependencies]
cffi = ">=1.8,<1.11.3 || >1.11.3"
six = ">=1.4.1"

[package.extras]
docs = ["sphinx (>=1.6.5,!=1.8.0,!=3.1.0,!=3.1.1)", "sphinx-rtd-theme"]
docstest = ["doc8", "pyenchant (>=1.6.11)", "twine (>=1.12.0)", "sphinxcontrib-spelling (>=4.0.1)"]
pep8test = ["black", "flake8", "flake8-import-order", "pep8-naming"]
ssh = ["bcrypt (>=3.1.5)"]
test = ["pytest (>=3.6.0,!=3.9.0,!=3.9.1,!=3.9.2)", "pretend", "iso8601", "pytz", "hypothesis (>=1.11.4,!=3.79.2)"]

[[package]]
name = "mypy-extensions"
version = "0.4.3"
description = "Experimental type system extensions for programs checked with the mypy typechecker."
category = "dev"
optional = false
python-versions = "*"

[[package]]
name = "pathspec"
version = "0.8.0"
description = "Utility library for gitignore style pattern matching of file paths."
category = "dev"
optional = false
python-versions = ">=2.7, !=3.0.*, !=3.1.*, !=3.2.*, !=3.3.*, !=3.4.*"

[[package]]
name = "pycparser"
version = "2.20"
description = "C parser in Python"
category = "main"
optional = false
python-versions = ">=2.7, !=3.0.*, !=3.1.*, !=3.2.*, !=3.3.*"

[[package]]
name = "pygments"
version = "2.7.1"
description = "Pygments is a syntax highlighting package written in Python."
category = "main"
optional = false
python-versions = ">=3.5"

[[package]]
name = "regex"
version = "2020.9.27"
description = "Alternative regular expression module, to replace re."
category = "dev"
optional = false
python-versions = "*"

[[package]]
name = "rich"
version = "8.0.0"
description = "Render rich text, tables, progress bars, syntax highlighting, markdown and more to the terminal"
category = "main"
optional = false
python-versions = ">=3.6,<4.0"

[package.dependencies]
colorama = ">=0.4.0,<0.5.0"
commonmark = ">=0.9.0,<0.10.0"
pygments = ">=2.6.0,<3.0.0"
typing-extensions = ">=3.7.4,<4.0.0"

[package.extras]
jupyter = ["ipywidgets (>=7.5.1,<8.0.0)"]

[[package]]
name = "six"
version = "1.15.0"
description = "Python 2 and 3 compatibility utilities"
category = "main"
optional = false
python-versions = ">=2.7, !=3.0.*, !=3.1.*, !=3.2.*"

[[package]]
name = "toml"
version = "0.10.1"
description = "Python Library for Tom's Obvious, Minimal Language"
category = "dev"
optional = false
python-versions = "*"

[[package]]
name = "typed-ast"
version = "1.4.1"
description = "a fork of Python 2 and 3 ast modules with type comment support"
category = "dev"
optional = false
python-versions = "*"

[[package]]
name = "typing-extensions"
version = "3.7.4.3"
description = "Backported and Experimental Type Hints for Python 3.5+"
category = "main"
optional = false
python-versions = "*"

[metadata]
lock-version = "1.1"
python-versions = "^3.7"
content-hash = "9712de207d3a3967a2e33822c94bcd0cf3530f758692f3dde126c53ea933c995"

[metadata.files]
appdirs = [
    {file = "appdirs-1.4.4-py2.py3-none-any.whl", hash = "sha256:a841dacd6b99318a741b166adb07e19ee71a274450e68237b4650ca1055ab128"},
    {file = "appdirs-1.4.4.tar.gz", hash = "sha256:7d5d0167b2b1ba821647616af46a749d1c653740dd0d2415100fe26e27afdf41"},
]
black = [
    {file = "black-20.8b1.tar.gz", hash = "sha256:1c02557aa099101b9d21496f8a914e9ed2222ef70336404eeeac8edba836fbea"},
]
cffi = [
    {file = "cffi-1.14.3-2-cp27-cp27m-macosx_10_9_x86_64.whl", hash = "sha256:3eeeb0405fd145e714f7633a5173318bd88d8bbfc3dd0a5751f8c4f70ae629bc"},
    {file = "cffi-1.14.3-2-cp35-cp35m-macosx_10_9_x86_64.whl", hash = "sha256:cb763ceceae04803adcc4e2d80d611ef201c73da32d8f2722e9d0ab0c7f10768"},
    {file = "cffi-1.14.3-2-cp36-cp36m-macosx_10_9_x86_64.whl", hash = "sha256:44f60519595eaca110f248e5017363d751b12782a6f2bd6a7041cba275215f5d"},
    {file = "cffi-1.14.3-2-cp37-cp37m-macosx_10_9_x86_64.whl", hash = "sha256:c53af463f4a40de78c58b8b2710ade243c81cbca641e34debf3396a9640d6ec1"},
    {file = "cffi-1.14.3-2-cp38-cp38-macosx_10_9_x86_64.whl", hash = "sha256:33c6cdc071ba5cd6d96769c8969a0531be2d08c2628a0143a10a7dcffa9719ca"},
    {file = "cffi-1.14.3-2-cp39-cp39-macosx_10_9_x86_64.whl", hash = "sha256:c11579638288e53fc94ad60022ff1b67865363e730ee41ad5e6f0a17188b327a"},
    {file = "cffi-1.14.3-cp27-cp27m-manylinux1_i686.whl", hash = "sha256:3cb3e1b9ec43256c4e0f8d2837267a70b0e1ca8c4f456685508ae6106b1f504c"},
    {file = "cffi-1.14.3-cp27-cp27m-manylinux1_x86_64.whl", hash = "sha256:f0620511387790860b249b9241c2f13c3a80e21a73e0b861a2df24e9d6f56730"},
    {file = "cffi-1.14.3-cp27-cp27m-win32.whl", hash = "sha256:005f2bfe11b6745d726dbb07ace4d53f057de66e336ff92d61b8c7e9c8f4777d"},
    {file = "cffi-1.14.3-cp27-cp27m-win_amd64.whl", hash = "sha256:2f9674623ca39c9ebe38afa3da402e9326c245f0f5ceff0623dccdac15023e05"},
    {file = "cffi-1.14.3-cp27-cp27mu-manylinux1_i686.whl", hash = "sha256:09e96138280241bd355cd585148dec04dbbedb4f46128f340d696eaafc82dd7b"},
    {file = "cffi-1.14.3-cp27-cp27mu-manylinux1_x86_64.whl", hash = "sha256:3363e77a6176afb8823b6e06db78c46dbc4c7813b00a41300a4873b6ba63b171"},
    {file = "cffi-1.14.3-cp35-cp35m-manylinux1_i686.whl", hash = "sha256:0ef488305fdce2580c8b2708f22d7785ae222d9825d3094ab073e22e93dfe51f"},
    {file = "cffi-1.14.3-cp35-cp35m-manylinux1_x86_64.whl", hash = "sha256:0b1ad452cc824665ddc682400b62c9e4f5b64736a2ba99110712fdee5f2505c4"},
    {file = "cffi-1.14.3-cp35-cp35m-win32.whl", hash = "sha256:85ba797e1de5b48aa5a8427b6ba62cf69607c18c5d4eb747604b7302f1ec382d"},
    {file = "cffi-1.14.3-cp35-cp35m-win_amd64.whl", hash = "sha256:e66399cf0fc07de4dce4f588fc25bfe84a6d1285cc544e67987d22663393926d"},
    {file = "cffi-1.14.3-cp36-cp36m-manylinux1_i686.whl", hash = "sha256:15f351bed09897fbda218e4db5a3d5c06328862f6198d4fb385f3e14e19decb3"},
    {file = "cffi-1.14.3-cp36-cp36m-manylinux1_x86_64.whl", hash = "sha256:4d7c26bfc1ea9f92084a1d75e11999e97b62d63128bcc90c3624d07813c52808"},
    {file = "cffi-1.14.3-cp36-cp36m-manylinux2014_aarch64.whl", hash = "sha256:23e5d2040367322824605bc29ae8ee9175200b92cb5483ac7d466927a9b3d537"},
    {file = "cffi-1.14.3-cp36-cp36m-win32.whl", hash = "sha256:a624fae282e81ad2e4871bdb767e2c914d0539708c0f078b5b355258293c98b0"},
    {file = "cffi-1.14.3-cp36-cp36m-win_amd64.whl", hash = "sha256:de31b5164d44ef4943db155b3e8e17929707cac1e5bd2f363e67a56e3af4af6e"},
    {file = "cffi-1.14.3-cp37-cp37m-manylinux1_i686.whl", hash = "sha256:f92cdecb618e5fa4658aeb97d5eb3d2f47aa94ac6477c6daf0f306c5a3b9e6b1"},
    {file = "cffi-1.14.3-cp37-cp37m-manylinux1_x86_64.whl", hash = "sha256:22399ff4870fb4c7ef19fff6eeb20a8bbf15571913c181c78cb361024d574579"},
    {file = "cffi-1.14.3-cp37-cp37m-manylinux2014_aarch64.whl", hash = "sha256:f4eae045e6ab2bb54ca279733fe4eb85f1effda392666308250714e01907f394"},
    {file = "cffi-1.14.3-cp37-cp37m-win32.whl", hash = "sha256:b0358e6fefc74a16f745afa366acc89f979040e0cbc4eec55ab26ad1f6a9bfbc"},
    {file = "cffi-1.14.3-cp37-cp37m-win_amd64.whl", hash = "sha256:6642f15ad963b5092d65aed022d033c77763515fdc07095208f15d3563003869"},
    {file = "cffi-1.14.3-cp38-cp38-manylinux1_i686.whl", hash = "sha256:2791f68edc5749024b4722500e86303a10d342527e1e3bcac47f35fbd25b764e"},
    {file = "cffi-1.14.3-cp38-cp38-manylinux1_x86_64.whl", hash = "sha256:529c4ed2e10437c205f38f3691a68be66c39197d01062618c55f74294a4a4828"},
    {file = "cffi-1.14.3-cp38-cp38-manylinux2014_aarch64.whl", hash = "sha256:8f0f1e499e4000c4c347a124fa6a27d37608ced4fe9f7d45070563b7c4c370c9"},
    {file = "cffi-1.14.3-cp38-cp38-win32.whl", hash = "sha256:3b8eaf915ddc0709779889c472e553f0d3e8b7bdf62dab764c8921b09bf94522"},
    {file = "cffi-1.14.3-cp38-cp38-win_amd64.whl", hash = "sha256:bbd2f4dfee1079f76943767fce837ade3087b578aeb9f69aec7857d5bf25db15"},
    {file = "cffi-1.14.3-cp39-cp39-manylinux1_i686.whl", hash = "sha256:cc75f58cdaf043fe6a7a6c04b3b5a0e694c6a9e24050967747251fb80d7bce0d"},
    {file = "cffi-1.14.3-cp39-cp39-manylinux1_x86_64.whl", hash = "sha256:bf39a9e19ce7298f1bd6a9758fa99707e9e5b1ebe5e90f2c3913a47bc548747c"},
    {file = "cffi-1.14.3-cp39-cp39-win32.whl", hash = "sha256:d80998ed59176e8cba74028762fbd9b9153b9afc71ea118e63bbf5d4d0f9552b"},
    {file = "cffi-1.14.3-cp39-cp39-win_amd64.whl", hash = "sha256:c150eaa3dadbb2b5339675b88d4573c1be3cb6f2c33a6c83387e10cc0bf05bd3"},
    {file = "cffi-1.14.3.tar.gz", hash = "sha256:f92f789e4f9241cd262ad7a555ca2c648a98178a953af117ef7fad46aa1d5591"},
]
click = [
    {file = "click-7.1.2-py2.py3-none-any.whl", hash = "sha256:dacca89f4bfadd5de3d7489b7c8a566eee0d3676333fbb50030263894c38c0dc"},
    {file = "click-7.1.2.tar.gz", hash = "sha256:d2b5255c7c6349bc1bd1e59e08cd12acbbd63ce649f2588755783aa94dfb6b1a"},
]
click-option-group = [
    {file = "click-option-group-0.5.1.tar.gz", hash = "sha256:764eb49094dc864e28afbf36c6bb140d09ef714a915c0c5972c982113ed70fab"},
    {file = "click_option_group-0.5.1-py3-none-any.whl", hash = "sha256:b363552b81f3bc9bef2402837b08865d186bd97c2311768f7d52aaf896e384a6"},
]
colorama = [
    {file = "colorama-0.4.3-py2.py3-none-any.whl", hash = "sha256:7d73d2a99753107a36ac6b455ee49046802e59d9d076ef8e47b61499fa29afff"},
    {file = "colorama-0.4.3.tar.gz", hash = "sha256:e96da0d330793e2cb9485e9ddfd918d456036c7149416295932478192f4436a1"},
]
commonmark = [
    {file = "commonmark-0.9.1-py2.py3-none-any.whl", hash = "sha256:da2f38c92590f83de410ba1a3cbceafbc74fee9def35f9251ba9a971d6d66fd9"},
    {file = "commonmark-0.9.1.tar.gz", hash = "sha256:452f9dc859be7f06631ddcb328b6919c67984aca654e5fefb3914d54691aed60"},
]
cryptography = [
    {file = "cryptography-3.2-cp27-cp27m-macosx_10_10_x86_64.whl", hash = "sha256:9a8580c9afcdcddabbd064c0a74f337af74ff4529cdf3a12fa2e9782d677a2e5"},
    {file = "cryptography-3.2-cp27-cp27m-manylinux1_x86_64.whl", hash = "sha256:7ef41304bf978f33cfb6f43ca13bb0faac0c99cda33693aa20ad4f5e34e8cb8f"},
    {file = "cryptography-3.2-cp27-cp27m-manylinux2010_x86_64.whl", hash = "sha256:87c2fffd61e934bc0e2c927c3764c20b22d7f5f7f812ee1a477de4c89b044ca6"},
    {file = "cryptography-3.2-cp27-cp27m-win32.whl", hash = "sha256:6e8a3c7c45101a7eeee93102500e1b08f2307c717ff553fcb3c1127efc9b6917"},
    {file = "cryptography-3.2-cp27-cp27m-win_amd64.whl", hash = "sha256:52a47e60953679eea0b4d490ca3c241fb1b166a7b161847ef4667dfd49e7699d"},
    {file = "cryptography-3.2-cp27-cp27mu-manylinux1_x86_64.whl", hash = "sha256:6a8f64ed096d13f92d1f601a92d9fd1f1025dc73a2ca1ced46dcf5e0d4930943"},
    {file = "cryptography-3.2-cp27-cp27mu-manylinux2010_x86_64.whl", hash = "sha256:3e17d02941c0f169c5b877597ca8be895fca0e5e3eb882526a74aa4804380a98"},
    {file = "cryptography-3.2-cp35-abi3-macosx_10_10_x86_64.whl", hash = "sha256:d1cbc3426e6150583b22b517ef3720036d7e3152d428c864ff0f3fcad2b97591"},
    {file = "cryptography-3.2-cp35-abi3-manylinux1_x86_64.whl", hash = "sha256:22f8251f68953553af4f9c11ec5f191198bc96cff9f0ac5dd5ff94daede0ee6d"},
    {file = "cryptography-3.2-cp35-abi3-manylinux2010_x86_64.whl", hash = "sha256:f2aa3f8ba9e2e3fd49bd3de743b976ab192fbf0eb0348cebde5d2a9de0090a9f"},
    {file = "cryptography-3.2-cp35-abi3-manylinux2014_aarch64.whl", hash = "sha256:9a07e6d255053674506091d63ab4270a119e9fc83462c7ab1dbcb495b76307af"},
    {file = "cryptography-3.2-cp35-cp35m-win32.whl", hash = "sha256:f0e3986f6cce007216b23c490f093f35ce2068f3c244051e559f647f6731b7ae"},
    {file = "cryptography-3.2-cp35-cp35m-win_amd64.whl", hash = "sha256:284e275e3c099a80831f9898fb5c9559120d27675c3521278faba54e584a7832"},
    {file = "cryptography-3.2-cp36-abi3-win32.whl", hash = "sha256:f01c9116bfb3ad2831e125a73dcd957d173d6ddca7701528eff1e7d97972872c"},
    {file = "cryptography-3.2-cp36-abi3-win_amd64.whl", hash = "sha256:bd80bc156d3729b38cb227a5a76532aef693b7ac9e395eea8063ee50ceed46a5"},
    {file = "cryptography-3.2-cp36-cp36m-win32.whl", hash = "sha256:8f0fd8b0751d75c4483c534b209e39e918f0d14232c0d8a2a76e687f64ced831"},
    {file = "cryptography-3.2-cp36-cp36m-win_amd64.whl", hash = "sha256:8a0866891326d3badb17c5fd3e02c926b635e8923fa271b4813cd4d972a57ff3"},
    {file = "cryptography-3.2-cp37-cp37m-win32.whl", hash = "sha256:57b8c1ed13b8aa386cabbfde3be175d7b155682470b0e259fecfe53850967f8a"},
    {file = "cryptography-3.2-cp37-cp37m-win_amd64.whl", hash = "sha256:88069392cd9a1e68d2cfd5c3a2b0d72a44ef3b24b8977a4f7956e9e3c4c9477a"},
    {file = "cryptography-3.2-cp38-cp38-win32.whl", hash = "sha256:fb70a4cedd69dc52396ee114416a3656e011fb0311fca55eb55c7be6ed9c8aef"},
    {file = "cryptography-3.2-cp38-cp38-win_amd64.whl", hash = "sha256:e15ac84dcdb89f92424cbaca4b0b34e211e7ce3ee7b0ec0e4f3c55cee65fae5a"},
    {file = "cryptography-3.2.tar.gz", hash = "sha256:e4789b84f8dedf190148441f7c5bfe7244782d9cbb194a36e17b91e7d3e1cca9"},
]
mypy-extensions = [
    {file = "mypy_extensions-0.4.3-py2.py3-none-any.whl", hash = "sha256:090fedd75945a69ae91ce1303b5824f428daf5a028d2f6ab8a299250a846f15d"},
    {file = "mypy_extensions-0.4.3.tar.gz", hash = "sha256:2d82818f5bb3e369420cb3c4060a7970edba416647068eb4c5343488a6c604a8"},
]
pathspec = [
    {file = "pathspec-0.8.0-py2.py3-none-any.whl", hash = "sha256:7d91249d21749788d07a2d0f94147accd8f845507400749ea19c1ec9054a12b0"},
    {file = "pathspec-0.8.0.tar.gz", hash = "sha256:da45173eb3a6f2a5a487efba21f050af2b41948be6ab52b6a1e3ff22bb8b7061"},
]
pycparser = [
    {file = "pycparser-2.20-py2.py3-none-any.whl", hash = "sha256:7582ad22678f0fcd81102833f60ef8d0e57288b6b5fb00323d101be910e35705"},
    {file = "pycparser-2.20.tar.gz", hash = "sha256:2d475327684562c3a96cc71adf7dc8c4f0565175cf86b6d7a404ff4c771f15f0"},
]
pygments = [
    {file = "Pygments-2.7.1-py3-none-any.whl", hash = "sha256:307543fe65c0947b126e83dd5a61bd8acbd84abec11f43caebaf5534cbc17998"},
    {file = "Pygments-2.7.1.tar.gz", hash = "sha256:926c3f319eda178d1bd90851e4317e6d8cdb5e292a3386aac9bd75eca29cf9c7"},
]
regex = [
    {file = "regex-2020.9.27-cp27-cp27m-win32.whl", hash = "sha256:d23a18037313714fb3bb5a94434d3151ee4300bae631894b1ac08111abeaa4a3"},
    {file = "regex-2020.9.27-cp27-cp27m-win_amd64.whl", hash = "sha256:84e9407db1b2eb368b7ecc283121b5e592c9aaedbe8c78b1a2f1102eb2e21d19"},
    {file = "regex-2020.9.27-cp36-cp36m-manylinux1_i686.whl", hash = "sha256:5f18875ac23d9aa2f060838e8b79093e8bb2313dbaaa9f54c6d8e52a5df097be"},
    {file = "regex-2020.9.27-cp36-cp36m-manylinux1_x86_64.whl", hash = "sha256:ae91972f8ac958039920ef6e8769277c084971a142ce2b660691793ae44aae6b"},
    {file = "regex-2020.9.27-cp36-cp36m-manylinux2010_i686.whl", hash = "sha256:9a02d0ae31d35e1ec12a4ea4d4cca990800f66a917d0fb997b20fbc13f5321fc"},
    {file = "regex-2020.9.27-cp36-cp36m-manylinux2010_x86_64.whl", hash = "sha256:ebbe29186a3d9b0c591e71b7393f1ae08c83cb2d8e517d2a822b8f7ec99dfd8b"},
    {file = "regex-2020.9.27-cp36-cp36m-win32.whl", hash = "sha256:4707f3695b34335afdfb09be3802c87fa0bc27030471dbc082f815f23688bc63"},
    {file = "regex-2020.9.27-cp36-cp36m-win_amd64.whl", hash = "sha256:9bc13e0d20b97ffb07821aa3e113f9998e84994fe4d159ffa3d3a9d1b805043b"},
    {file = "regex-2020.9.27-cp37-cp37m-manylinux1_i686.whl", hash = "sha256:f1b3afc574a3db3b25c89161059d857bd4909a1269b0b3cb3c904677c8c4a3f7"},
    {file = "regex-2020.9.27-cp37-cp37m-manylinux1_x86_64.whl", hash = "sha256:5533a959a1748a5c042a6da71fe9267a908e21eded7a4f373efd23a2cbdb0ecc"},
    {file = "regex-2020.9.27-cp37-cp37m-manylinux2010_i686.whl", hash = "sha256:1fe0a41437bbd06063aa184c34804efa886bcc128222e9916310c92cd54c3b4c"},
    {file = "regex-2020.9.27-cp37-cp37m-manylinux2010_x86_64.whl", hash = "sha256:c570f6fa14b9c4c8a4924aaad354652366577b4f98213cf76305067144f7b100"},
    {file = "regex-2020.9.27-cp37-cp37m-win32.whl", hash = "sha256:eda4771e0ace7f67f58bc5b560e27fb20f32a148cbc993b0c3835970935c2707"},
    {file = "regex-2020.9.27-cp37-cp37m-win_amd64.whl", hash = "sha256:60b0e9e6dc45683e569ec37c55ac20c582973841927a85f2d8a7d20ee80216ab"},
    {file = "regex-2020.9.27-cp38-cp38-manylinux1_i686.whl", hash = "sha256:088afc8c63e7bd187a3c70a94b9e50ab3f17e1d3f52a32750b5b77dbe99ef5ef"},
    {file = "regex-2020.9.27-cp38-cp38-manylinux1_x86_64.whl", hash = "sha256:eaf548d117b6737df379fdd53bdde4f08870e66d7ea653e230477f071f861121"},
    {file = "regex-2020.9.27-cp38-cp38-manylinux2010_i686.whl", hash = "sha256:41bb65f54bba392643557e617316d0d899ed5b4946dccee1cb6696152b29844b"},
    {file = "regex-2020.9.27-cp38-cp38-manylinux2010_x86_64.whl", hash = "sha256:8d69cef61fa50c8133382e61fd97439de1ae623fe943578e477e76a9d9471637"},
    {file = "regex-2020.9.27-cp38-cp38-win32.whl", hash = "sha256:f2388013e68e750eaa16ccbea62d4130180c26abb1d8e5d584b9baf69672b30f"},
    {file = "regex-2020.9.27-cp38-cp38-win_amd64.whl", hash = "sha256:4318d56bccfe7d43e5addb272406ade7a2274da4b70eb15922a071c58ab0108c"},
    {file = "regex-2020.9.27-cp39-cp39-manylinux1_i686.whl", hash = "sha256:84cada8effefe9a9f53f9b0d2ba9b7b6f5edf8d2155f9fdbe34616e06ececf81"},
    {file = "regex-2020.9.27-cp39-cp39-manylinux1_x86_64.whl", hash = "sha256:816064fc915796ea1f26966163f6845de5af78923dfcecf6551e095f00983650"},
    {file = "regex-2020.9.27-cp39-cp39-manylinux2010_i686.whl", hash = "sha256:5d892a4f1c999834eaa3c32bc9e8b976c5825116cde553928c4c8e7e48ebda67"},
    {file = "regex-2020.9.27-cp39-cp39-manylinux2010_x86_64.whl", hash = "sha256:c9443124c67b1515e4fe0bb0aa18df640965e1030f468a2a5dc2589b26d130ad"},
    {file = "regex-2020.9.27-cp39-cp39-win32.whl", hash = "sha256:49f23ebd5ac073765ecbcf046edc10d63dcab2f4ae2bce160982cb30df0c0302"},
    {file = "regex-2020.9.27-cp39-cp39-win_amd64.whl", hash = "sha256:3d20024a70b97b4f9546696cbf2fd30bae5f42229fbddf8661261b1eaff0deb7"},
    {file = "regex-2020.9.27.tar.gz", hash = "sha256:a6f32aea4260dfe0e55dc9733ea162ea38f0ea86aa7d0f77b15beac5bf7b369d"},
]
rich = [
    {file = "rich-8.0.0-py3-none-any.whl", hash = "sha256:3c5e4bb1e48c647bc75bc4ae7c125d399bec5b6ed2a319f0d447361635f02a9a"},
    {file = "rich-8.0.0.tar.gz", hash = "sha256:1b5023d2241e6552a24ddfe830a853fc8e53da4e6a6ed6c7105bb262593edf97"},
]
six = [
    {file = "six-1.15.0-py2.py3-none-any.whl", hash = "sha256:8b74bedcbbbaca38ff6d7491d76f2b06b3592611af620f8426e82dddb04a5ced"},
    {file = "six-1.15.0.tar.gz", hash = "sha256:30639c035cdb23534cd4aa2dd52c3bf48f06e5f4a941509c8bafd8ce11080259"},
]
toml = [
    {file = "toml-0.10.1-py2.py3-none-any.whl", hash = "sha256:bda89d5935c2eac546d648028b9901107a595863cb36bae0c73ac804a9b4ce88"},
    {file = "toml-0.10.1.tar.gz", hash = "sha256:926b612be1e5ce0634a2ca03470f95169cf16f939018233a670519cb4ac58b0f"},
]
typed-ast = [
    {file = "typed_ast-1.4.1-cp35-cp35m-manylinux1_i686.whl", hash = "sha256:73d785a950fc82dd2a25897d525d003f6378d1cb23ab305578394694202a58c3"},
    {file = "typed_ast-1.4.1-cp35-cp35m-manylinux1_x86_64.whl", hash = "sha256:aaee9905aee35ba5905cfb3c62f3e83b3bec7b39413f0a7f19be4e547ea01ebb"},
    {file = "typed_ast-1.4.1-cp35-cp35m-win32.whl", hash = "sha256:0c2c07682d61a629b68433afb159376e24e5b2fd4641d35424e462169c0a7919"},
    {file = "typed_ast-1.4.1-cp35-cp35m-win_amd64.whl", hash = "sha256:4083861b0aa07990b619bd7ddc365eb7fa4b817e99cf5f8d9cf21a42780f6e01"},
    {file = "typed_ast-1.4.1-cp36-cp36m-macosx_10_9_x86_64.whl", hash = "sha256:269151951236b0f9a6f04015a9004084a5ab0d5f19b57de779f908621e7d8b75"},
    {file = "typed_ast-1.4.1-cp36-cp36m-manylinux1_i686.whl", hash = "sha256:24995c843eb0ad11a4527b026b4dde3da70e1f2d8806c99b7b4a7cf491612652"},
    {file = "typed_ast-1.4.1-cp36-cp36m-manylinux1_x86_64.whl", hash = "sha256:fe460b922ec15dd205595c9b5b99e2f056fd98ae8f9f56b888e7a17dc2b757e7"},
    {file = "typed_ast-1.4.1-cp36-cp36m-win32.whl", hash = "sha256:4e3e5da80ccbebfff202a67bf900d081906c358ccc3d5e3c8aea42fdfdfd51c1"},
    {file = "typed_ast-1.4.1-cp36-cp36m-win_amd64.whl", hash = "sha256:249862707802d40f7f29f6e1aad8d84b5aa9e44552d2cc17384b209f091276aa"},
    {file = "typed_ast-1.4.1-cp37-cp37m-macosx_10_9_x86_64.whl", hash = "sha256:8ce678dbaf790dbdb3eba24056d5364fb45944f33553dd5869b7580cdbb83614"},
    {file = "typed_ast-1.4.1-cp37-cp37m-manylinux1_i686.whl", hash = "sha256:c9e348e02e4d2b4a8b2eedb48210430658df6951fa484e59de33ff773fbd4b41"},
    {file = "typed_ast-1.4.1-cp37-cp37m-manylinux1_x86_64.whl", hash = "sha256:bcd3b13b56ea479b3650b82cabd6b5343a625b0ced5429e4ccad28a8973f301b"},
    {file = "typed_ast-1.4.1-cp37-cp37m-win32.whl", hash = "sha256:d5d33e9e7af3b34a40dc05f498939f0ebf187f07c385fd58d591c533ad8562fe"},
    {file = "typed_ast-1.4.1-cp37-cp37m-win_amd64.whl", hash = "sha256:0666aa36131496aed8f7be0410ff974562ab7eeac11ef351def9ea6fa28f6355"},
    {file = "typed_ast-1.4.1-cp38-cp38-macosx_10_15_x86_64.whl", hash = "sha256:d205b1b46085271b4e15f670058ce182bd1199e56b317bf2ec004b6a44f911f6"},
    {file = "typed_ast-1.4.1-cp38-cp38-manylinux1_i686.whl", hash = "sha256:6daac9731f172c2a22ade6ed0c00197ee7cc1221aa84cfdf9c31defeb059a907"},
    {file = "typed_ast-1.4.1-cp38-cp38-manylinux1_x86_64.whl", hash = "sha256:498b0f36cc7054c1fead3d7fc59d2150f4d5c6c56ba7fb150c013fbc683a8d2d"},
    {file = "typed_ast-1.4.1-cp38-cp38-win32.whl", hash = "sha256:715ff2f2df46121071622063fc7543d9b1fd19ebfc4f5c8895af64a77a8c852c"},
    {file = "typed_ast-1.4.1-cp38-cp38-win_amd64.whl", hash = "sha256:fc0fea399acb12edbf8a628ba8d2312f583bdbdb3335635db062fa98cf71fca4"},
    {file = "typed_ast-1.4.1-cp39-cp39-macosx_10_15_x86_64.whl", hash = "sha256:d43943ef777f9a1c42bf4e552ba23ac77a6351de620aa9acf64ad54933ad4d34"},
    {file = "typed_ast-1.4.1-cp39-cp39-macosx_10_9_x86_64.whl", hash = "sha256:92c325624e304ebf0e025d1224b77dd4e6393f18aab8d829b5b7e04afe9b7a2c"},
    {file = "typed_ast-1.4.1-cp39-cp39-manylinux1_i686.whl", hash = "sha256:d648b8e3bf2fe648745c8ffcee3db3ff903d0817a01a12dd6a6ea7a8f4889072"},
    {file = "typed_ast-1.4.1-cp39-cp39-manylinux1_x86_64.whl", hash = "sha256:fac11badff8313e23717f3dada86a15389d0708275bddf766cca67a84ead3e91"},
    {file = "typed_ast-1.4.1-cp39-cp39-manylinux2014_aarch64.whl", hash = "sha256:0d8110d78a5736e16e26213114a38ca35cb15b6515d535413b090bd50951556d"},
    {file = "typed_ast-1.4.1-cp39-cp39-win32.whl", hash = "sha256:b52ccf7cfe4ce2a1064b18594381bccf4179c2ecf7f513134ec2f993dd4ab395"},
    {file = "typed_ast-1.4.1-cp39-cp39-win_amd64.whl", hash = "sha256:3742b32cf1c6ef124d57f95be609c473d7ec4c14d0090e5a5e05a15269fb4d0c"},
    {file = "typed_ast-1.4.1.tar.gz", hash = "sha256:8c8aaad94455178e3187ab22c8b01a3837f8ee50e09cf31f1ba129eb293ec30b"},
]
typing-extensions = [
    {file = "typing_extensions-3.7.4.3-py2-none-any.whl", hash = "sha256:dafc7639cde7f1b6e1acc0f457842a83e722ccca8eef5270af2d74792619a89f"},
    {file = "typing_extensions-3.7.4.3-py3-none-any.whl", hash = "sha256:7cb407020f00f7bfc3cb3e7881628838e69d8f3fcab2f64742a5e76b2f841918"},
    {file = "typing_extensions-3.7.4.3.tar.gz", hash = "sha256:99d4073b617d30288f569d3f13d2bd7548c3a7e4c8de87db09a9d29bb3a4a60c"},
]
